
Microsoft Visual Studio Solution File, Format Version 12.00
# Visual Studio 15
VisualStudioVersion = 15.0.28307.489
MinimumVisualStudioVersion = 10.0.40219.1
Project("{FAE04EC0-301F-11D3-BF4B-00C04F79EFBC}") = "Officer_Status_Plugin", "Status_Plugin\Officer_Status_Plugin.csproj", "{6749CAEB-2394-463F-955A-2145C378DEEA}"
EndProject
Project("{FAE04EC0-301F-11D3-BF4B-00C04F79EFBC}") = "OPCallouts", "OPCallouts\OPCallouts.csproj", "{023EBF56-EDF3-4BC3-9A04-E90E3EFE25A5}"
EndProject
Global
	GlobalSection(SolutionConfigurationPlatforms) = preSolution
		Debug|Any CPU = Debug|Any CPU
		Release|Any CPU = Release|Any CPU
	EndGlobalSection
	GlobalSection(ProjectConfigurationPlatforms) = postSolution
		{6749CAEB-2394-463F-955A-2145C378DEEA}.Debug|Any CPU.ActiveCfg = Debug|Any CPU
		{6749CAEB-2394-463F-955A-2145C378DEEA}.Debug|Any CPU.Build.0 = Debug|Any CPU
		{6749CAEB-2394-463F-955A-2145C378DEEA}.Release|Any CPU.ActiveCfg = Release|Any CPU
		{6749CAEB-2394-463F-955A-2145C378DEEA}.Release|Any CPU.Build.0 = Release|Any CPU
		{023EBF56-EDF3-4BC3-9A04-E90E3EFE25A5}.Debug|Any CPU.ActiveCfg = Debug|Any CPU
		{023EBF56-EDF3-4BC3-9A04-E90E3EFE25A5}.Debug|Any CPU.Build.0 = Debug|Any CPU
		{023EBF56-EDF3-4BC3-9A04-E90E3EFE25A5}.Release|Any CPU.ActiveCfg = Release|Any CPU
		{023EBF56-EDF3-4BC3-9A04-E90E3EFE25A5}.Release|Any CPU.Build.0 = Release|Any CPU
	EndGlobalSection
	GlobalSection(SolutionProperties) = preSolution
		HideSolutionNode = FALSE
	EndGlobalSection
	GlobalSection(ExtensibilityGlobals) = postSolution
		SolutionGuid = {F7C18EAF-18FE-4E82-A8B0-EF3356387D62}
	EndGlobalSection
EndGlobal
